// !$*UTF8*$!
{
	archiveVersion = 1;
	classes = {
	};
	objectVersion = 48;
	objects = {

/* Begin PBXBuildFile section */
		C4636F8520411C7900C59481 /* AppDelegate.m in Sources */ = {isa = PBXBuildFile; fileRef = C4636F8420411C7900C59481 /* AppDelegate.m */; };
		C4636F8820411C7A00C59481 /* ViewController.m in Sources */ = {isa = PBXBuildFile; fileRef = C4636F8720411C7A00C59481 /* ViewController.m */; };
		C4636F8B20411C7A00C59481 /* Main.storyboard in Resources */ = {isa = PBXBuildFile; fileRef = C4636F8920411C7A00C59481 /* Main.storyboard */; };
		C4636F8D20411C7A00C59481 /* Assets.xcassets in Resources */ = {isa = PBXBuildFile; fileRef = C4636F8C20411C7A00C59481 /* Assets.xcassets */; };
		C4636F9020411C7A00C59481 /* LaunchScreen.storyboard in Resources */ = {isa = PBXBuildFile; fileRef = C4636F8E20411C7A00C59481 /* LaunchScreen.storyboard */; };
		C4636F9320411C7A00C59481 /* main.m in Sources */ = {isa = PBXBuildFile; fileRef = C4636F9220411C7A00C59481 /* main.m */; };
		C4636F9D20411C7A00C59481 /* testTests.m in Sources */ = {isa = PBXBuildFile; fileRef = C4636F9C20411C7A00C59481 /* testTests.m */; };
		C4636FA820411C7A00C59481 /* testUITests.m in Sources */ = {isa = PBXBuildFile; fileRef = C4636FA720411C7A00C59481 /* testUITests.m */; };
/* End PBXBuildFile section */

/* Begin PBXContainerItemProxy section */
		C4636F9920411C7A00C59481 /* PBXContainerItemProxy */ = {
			isa = PBXContainerItemProxy;
			containerPortal = C4636F7820411C7900C59481 /* Project object */;
			proxyType = 1;
			remoteGlobalIDString = C4636F7F20411C7900C59481;
			remoteInfo = test;
		};
		C4636FA420411C7A00C59481 /* PBXContainerItemProxy */ = {
			isa = PBXContainerItemProxy;
			containerPortal = C4636F7820411C7900C59481 /* Project object */;
			proxyType = 1;
			remoteGlobalIDString = C4636F7F20411C7900C59481;
			remoteInfo = test;
		};
/* End PBXContainerItemProxy section */

/* Begin PBXFileReference section */
		C4636F8020411C7900C59481 /* test.app */ = {isa = PBXFileReference; explicitFileType = wrapper.application; includeInIndex = 0; path = test.app; sourceTree = BUILT_PRODUCTS_DIR; };
		C4636F8320411C7900C59481 /* AppDelegate.h */ = {isa = PBXFileReference; lastKnownFileType = sourcecode.c.h; path = AppDelegate.h; sourceTree = "<group>"; };
		C4636F8420411C7900C59481 /* AppDelegate.m */ = {isa = PBXFileReference; lastKnownFileType = sourcecode.c.objc; path = AppDelegate.m; sourceTree = "<group>"; };
		C4636F8620411C7900C59481 /* ViewController.h */ = {isa = PBXFileReference; lastKnownFileType = sourcecode.c.h; path = ViewController.h; sourceTree = "<group>"; };
		C4636F8720411C7A00C59481 /* ViewController.m */ = {isa = PBXFileReference; lastKnownFileType = sourcecode.c.objc; path = ViewController.m; sourceTree = "<group>"; };
		C4636F8A20411C7A00C59481 /* Base */ = {isa = PBXFileReference; lastKnownFileType = file.storyboard; name = Base; path = Base.lproj/Main.storyboard; sourceTree = "<group>"; };
		C4636F8C20411C7A00C59481 /* Assets.xcassets */ = {isa = PBXFileReference; lastKnownFileType = folder.assetcatalog; path = Assets.xcassets; sourceTree = "<group>"; };
		C4636F8F20411C7A00C59481 /* Base */ = {isa = PBXFileReference; lastKnownFileType = file.storyboard; name = Base; path = Base.lproj/LaunchScreen.storyboard; sourceTree = "<group>"; };
		C4636F9120411C7A00C59481 /* Info.plist */ = {isa = PBXFileReference; lastKnownFileType = text.plist.xml; path = Info.plist; sourceTree = "<group>"; };
		C4636F9220411C7A00C59481 /* main.m */ = {isa = PBXFileReference; lastKnownFileType = sourcecode.c.objc; path = main.m; sourceTree = "<group>"; };
		C4636F9820411C7A00C59481 /* testTests.xctest */ = {isa = PBXFileReference; explicitFileType = wrapper.cfbundle; includeInIndex = 0; path = testTests.xctest; sourceTree = BUILT_PRODUCTS_DIR; };
		C4636F9C20411C7A00C59481 /* testTests.m */ = {isa = PBXFileReference; lastKnownFileType = sourcecode.c.objc; path = testTests.m; sourceTree = "<group>"; };
		C4636F9E20411C7A00C59481 /* Info.plist */ = {isa = PBXFileReference; lastKnownFileType = text.plist.xml; path = Info.plist; sourceTree = "<group>"; };
		C4636FA320411C7A00C59481 /* testUITests.xctest */ = {isa = PBXFileReference; explicitFileType = wrapper.cfbundle; includeInIndex = 0; path = testUITests.xctest; sourceTree = BUILT_PRODUCTS_DIR; };
		C4636FA720411C7A00C59481 /* testUITests.m */ = {isa = PBXFileReference; lastKnownFileType = sourcecode.c.objc; path = testUITests.m; sourceTree = "<group>"; };
		C4636FA920411C7A00C59481 /* Info.plist */ = {isa = PBXFileReference; lastKnownFileType = text.plist.xml; path = Info.plist; sourceTree = "<group>"; };
/* End PBXFileReference section */

/* Begin PBXFrameworksBuildPhase section */
		C4636F7D20411C7900C59481 /* Frameworks */ = {
			isa = PBXFrameworksBuildPhase;
			buildActionMask = 2147483647;
			files = (
			);
			runOnlyForDeploymentPostprocessing = 0;
		};
		C4636F9520411C7A00C59481 /* Frameworks */ = {
			isa = PBXFrameworksBuildPhase;
			buildActionMask = 2147483647;
			files = (
			);
			runOnlyForDeploymentPostprocessing = 0;
		};
		C4636FA020411C7A00C59481 /* Frameworks */ = {
			isa = PBXFrameworksBuildPhase;
			buildActionMask = 2147483647;
			files = (
			);
			runOnlyForDeploymentPostprocessing = 0;
		};
/* End PBXFrameworksBuildPhase section */

/* Begin PBXGroup section */
		C4636F7720411C7900C59481 = {
			isa = PBXGroup;
			children = (
				C4636F8220411C7900C59481 /* test */,
				C4636F9B20411C7A00C59481 /* testTests */,
				C4636FA620411C7A00C59481 /* testUITests */,
				C4636F8120411C7900C59481 /* Products */,
			);
			sourceTree = "<group>";
		};
		C4636F8120411C7900C59481 /* Products */ = {
			isa = PBXGroup;
			children = (
				C4636F8020411C7900C59481 /* test.app */,
				C4636F9820411C7A00C59481 /* testTests.xctest */,
				C4636FA320411C7A00C59481 /* testUITests.xctest */,
			);
			name = Products;
			sourceTree = "<group>";
		};
		C4636F8220411C7900C59481 /* test */ = {
			isa = PBXGroup;
			children = (
				C4636F8320411C7900C59481 /* AppDelegate.h */,
				C4636F8420411C7900C59481 /* AppDelegate.m */,
				C4636F8620411C7900C59481 /* ViewController.h */,
				C4636F8720411C7A00C59481 /* ViewController.m */,
				C4636F8920411C7A00C59481 /* Main.storyboard */,
				C4636F8C20411C7A00C59481 /* Assets.xcassets */,
				C4636F8E20411C7A00C59481 /* LaunchScreen.storyboard */,
				C4636F9120411C7A00C59481 /* Info.plist */,
				C4636F9220411C7A00C59481 /* main.m */,
			);
			path = test;
			sourceTree = "<group>";
		};
		C4636F9B20411C7A00C59481 /* testTests */ = {
			isa = PBXGroup;
			children = (
				C4636F9C20411C7A00C59481 /* testTests.m */,
				C4636F9E20411C7A00C59481 /* Info.plist */,
			);
			path = testTests;
			sourceTree = "<group>";
		};
		C4636FA620411C7A00C59481 /* testUITests */ = {
			isa = PBXGroup;
			children = (
				C4636FA720411C7A00C59481 /* testUITests.m */,
				C4636FA920411C7A00C59481 /* Info.plist */,
			);
			path = testUITests;
			sourceTree = "<group>";
		};
/* End PBXGroup section */

/* Begin PBXNativeTarget section */
		C4636F7F20411C7900C59481 /* test */ = {
			isa = PBXNativeTarget;
			buildConfigurationList = C4636FAC20411C7A00C59481 /* Build configuration list for PBXNativeTarget "test" */;
			buildPhases = (
				C4636F7C20411C7900C59481 /* Sources */,
				C4636F7D20411C7900C59481 /* Frameworks */,
				C4636F7E20411C7900C59481 /* Resources */,
			);
			buildRules = (
			);
			dependencies = (
			);
			name = test;
			productName = test;
			productReference = C4636F8020411C7900C59481 /* test.app */;
			productType = "com.apple.product-type.application";
		};
		C4636F9720411C7A00C59481 /* testTests */ = {
			isa = PBXNativeTarget;
			buildConfigurationList = C4636FAF20411C7A00C59481 /* Build configuration list for PBXNativeTarget "testTests" */;
			buildPhases = (
				C4636F9420411C7A00C59481 /* Sources */,
				C4636F9520411C7A00C59481 /* Frameworks */,
				C4636F9620411C7A00C59481 /* Resources */,
			);
			buildRules = (
			);
			dependencies = (
				C4636F9A20411C7A00C59481 /* PBXTargetDependency */,
			);
			name = testTests;
			productName = testTests;
			productReference = C4636F9820411C7A00C59481 /* testTests.xctest */;
			productType = "com.apple.product-type.bundle.unit-test";
		};
		C4636FA220411C7A00C59481 /* testUITests */ = {
			isa = PBXNativeTarget;
			buildConfigurationList = C4636FB220411C7A00C59481 /* Build configuration list for PBXNativeTarget "testUITests" */;
			buildPhases = (
				C4636F9F20411C7A00C59481 /* Sources */,
				C4636FA020411C7A00C59481 /* Frameworks */,
				C4636FA120411C7A00C59481 /* Resources */,
			);
			buildRules = (
			);
			dependencies = (
				C4636FA520411C7A00C59481 /* PBXTargetDependency */,
			);
			name = testUITests;
			productName = testUITests;
			productReference = C4636FA320411C7A00C59481 /* testUITests.xctest */;
			productType = "com.apple.product-type.bundle.ui-testing";
		};
/* End PBXNativeTarget section */

/* Begin PBXProject section */
		C4636F7820411C7900C59481 /* Project object */ = {
			isa = PBXProject;
			attributes = {
				LastUpgradeCheck = 0920;
				ORGANIZATIONNAME = peng;
				TargetAttributes = {
					C4636F7F20411C7900C59481 = {
						CreatedOnToolsVersion = 9.2;
						ProvisioningStyle = Automatic;
					};
					C4636F9720411C7A00C59481 = {
						CreatedOnToolsVersion = 9.2;
						ProvisioningStyle = Automatic;
						TestTargetID = C4636F7F20411C7900C59481;
					};
					C4636FA220411C7A00C59481 = {
						CreatedOnToolsVersion = 9.2;
						ProvisioningStyle = Automatic;
						TestTargetID = C4636F7F20411C7900C59481;
					};
				};
			};
			buildConfigurationList = C4636F7B20411C7900C59481 /* Build configuration list for PBXProject "test" */;
			compatibilityVersion = "Xcode 8.0";
			developmentRegion = en;
			hasScannedForEncodings = 0;
			knownRegions = (
				en,
				Base,
			);
			mainGroup = C4636F7720411C7900C59481;
			productRefGroup = C4636F8120411C7900C59481 /* Products */;
			projectDirPath = "";
			projectRoot = "";
			targets = (
				C4636F7F20411C7900C59481 /* test */,
				C4636F9720411C7A00C59481 /* testTests */,
				C4636FA220411C7A00C59481 /* testUITests */,
			);
		};
/* End PBXProject section */

/* Begin PBXResourcesBuildPhase section */
		C4636F7E20411C7900C59481 /* Resources */ = {
			isa = PBXResourcesBuildPhase;
			buildActionMask = 2147483647;
			files = (
				C4636F9020411C7A00C59481 /* LaunchScreen.storyboard in Resources */,
				C4636F8D20411C7A00C59481 /* Assets.xcassets in Resources */,
				C4636F8B20411C7A00C59481 /* Main.storyboard in Resources */,
			);
			runOnlyForDeploymentPostprocessing = 0;
		};
		C4636F9620411C7A00C59481 /* Resources */ = {
			isa = PBXResourcesBuildPhase;
			buildActionMask = 2147483647;
			files = (
			);
			runOnlyForDeploymentPostprocessing = 0;
		};
		C4636FA120411C7A00C59481 /* Resources */ = {
			isa = PBXResourcesBuildPhase;
			buildActionMask = 2147483647;
			files = (
			);
			runOnlyForDeploymentPostprocessing = 0;
		};
/* End PBXResourcesBuildPhase section */

/* Begin PBXSourcesBuildPhase section */
		C4636F7C20411C7900C59481 /* Sources */ = {
			isa = PBXSourcesBuildPhase;
			buildActionMask = 2147483647;
			files = (
				C4636F8820411C7A00C59481 /* ViewController.m in Sources */,
				C4636F9320411C7A00C59481 /* main.m in Sources */,
				C4636F8520411C7900C59481 /* AppDelegate.m in Sources */,
			);
			runOnlyForDeploymentPostprocessing = 0;
		};
		C4636F9420411C7A00C59481 /* Sources */ = {
			isa = PBXSourcesBuildPhase;
			buildActionMask = 2147483647;
			files = (
				C4636F9D20411C7A00C59481 /* testTests.m in Sources */,
			);
			runOnlyForDeploymentPostprocessing = 0;
		};
		C4636F9F20411C7A00C59481 /* Sources */ = {
			isa = PBXSourcesBuildPhase;
			buildActionMask = 2147483647;
			files = (
				C4636FA820411C7A00C59481 /* testUITests.m in Sources */,
			);
			runOnlyForDeploymentPostprocessing = 0;
		};
/* End PBXSourcesBuildPhase section */

/* Begin PBXTargetDependency section */
		C4636F9A20411C7A00C59481 /* PBXTargetDependency */ = {
			isa = PBXTargetDependency;
			target = C4636F7F20411C7900C59481 /* test */;
			targetProxy = C4636F9920411C7A00C59481 /* PBXContainerItemProxy */;
		};
		C4636FA520411C7A00C59481 /* PBXTargetDependency */ = {
			isa = PBXTargetDependency;
			target = C4636F7F20411C7900C59481 /* test */;
			targetProxy = C4636FA420411C7A00C59481 /* PBXContainerItemProxy */;
		};
/* End PBXTargetDependency section */

/* Begin PBXVariantGroup section */
		C4636F8920411C7A00C59481 /* Main.storyboard */ = {
			isa = PBXVariantGroup;
			children = (
				C4636F8A20411C7A00C59481 /* Base */,
			);
			name = Main.storyboard;
			sourceTree = "<group>";
		};
		C4636F8E20411C7A00C59481 /* LaunchScreen.storyboard */ = {
			isa = PBXVariantGroup;
			children = (
				C4636F8F20411C7A00C59481 /* Base */,
			);
			name = LaunchScreen.storyboard;
			sourceTree = "<group>";
		};
/* End PBXVariantGroup section */

/* Begin XCBuildConfiguration section */
		C4636FAA20411C7A00C59481 /* Debug */ = {
			isa = XCBuildConfiguration;
			buildSettings = {
				ALWAYS_SEARCH_USER_PATHS = NO;
				CLANG_ANALYZER_NONNULL = YES;
				CLANG_ANALYZER_NUMBER_OBJECT_CONVERSION = YES_AGGRESSIVE;
				CLANG_CXX_LANGUAGE_STANDARD = "gnu++14";
				CLANG_CXX_LIBRARY = "libc++";
				CLANG_ENABLE_MODULES = YES;
				CLANG_ENABLE_OBJC_ARC = YES;
				CLANG_WARN_BLOCK_CAPTURE_AUTORELEASING = YES;
				CLANG_WARN_BOOL_CONVERSION = YES;
				CLANG_WARN_COMMA = YES;
				CLANG_WARN_CONSTANT_CONVERSION = YES;
				CLANG_WARN_DIRECT_OBJC_ISA_USAGE = YES_ERROR;
				CLANG_WARN_DOCUMENTATION_COMMENTS = YES;
				CLANG_WARN_EMPTY_BODY = YES;
				CLANG_WARN_ENUM_CONVERSION = YES;
				CLANG_WARN_INFINITE_RECURSION = YES;
				CLANG_WARN_INT_CONVERSION = YES;
				CLANG_WARN_NON_LITERAL_NULL_CONVERSION = YES;
				CLANG_WARN_OBJC_LITERAL_CONVERSION = YES;
				CLANG_WARN_OBJC_ROOT_CLASS = YES_ERROR;
				CLANG_WARN_RANGE_LOOP_ANALYSIS = YES;
				CLANG_WARN_STRICT_PROTOTYPES = YES;
				CLANG_WARN_SUSPICIOUS_MOVE = YES;
				CLANG_WARN_UNGUARDED_AVAILABILITY = YES_AGGRESSIVE;
				CLANG_WARN_UNREACHABLE_CODE = YES;
				CLANG_WARN__DUPLICATE_METHOD_MATCH = YES;
				CODE_SIGN_IDENTITY = "iPhone Developer";
				COPY_PHASE_STRIP = NO;
				DEBUG_INFORMATION_FORMAT = dwarf;
				ENABLE_STRICT_OBJC_MSGSEND = YES;
				ENABLE_TESTABILITY = YES;
				GCC_C_LANGUAGE_STANDARD = gnu11;
				GCC_DYNAMIC_NO_PIC = NO;
				GCC_NO_COMMON_BLOCKS = YES;
				GCC_OPTIMIZATION_LEVEL = 0;
				GCC_PREPROCESSOR_DEFINITIONS = (
					"DEBUG=1",
					"$(inherited)",
				);
				GCC_WARN_64_TO_32_BIT_CONVERSION = YES;
				GCC_WARN_ABOUT_RETURN_TYPE = YES_ERROR;
				GCC_WARN_UNDECLARED_SELECTOR = YES;
				GCC_WARN_UNINITIALIZED_AUTOS = YES_AGGRESSIVE;
				GCC_WARN_UNUSED_FUNCTION = YES;
				GCC_WARN_UNUSED_VARIABLE = YES;
				IPHONEOS_DEPLOYMENT_TARGET = 11.2;
				MTL_ENABLE_DEBUG_INFO = YES;
				ONLY_ACTIVE_ARCH = YES;
				SDKROOT = iphoneos;
			};
			name = Debug;
		};
		C4636FAB20411C7A00C59481 /* Release */ = {
			isa = XCBuildConfiguration;
			buildSettings = {
				ALWAYS_SEARCH_USER_PATHS = NO;
				CLANG_ANALYZER_NONNULL = YES;
				CLANG_ANALYZER_NUMBER_OBJECT_CONVERSION = YES_AGGRESSIVE;
				CLANG_CXX_LANGUAGE_STANDARD = "gnu++14";
				CLANG_CXX_LIBRARY = "libc++";
				CLANG_ENABLE_MODULES = YES;
				CLANG_ENABLE_OBJC_ARC = YES;
				CLANG_WARN_BLOCK_CAPTURE_AUTORELEASING = YES;
				CLANG_WARN_BOOL_CONVERSION = YES;
				CLANG_WARN_COMMA = YES;
				CLANG_WARN_CONSTANT_CONVERSION = YES;
				CLANG_WARN_DIRECT_OBJC_ISA_USAGE = YES_ERROR;
				CLANG_WARN_DOCUMENTATION_COMMENTS = YES;
				CLANG_WARN_EMPTY_BODY = YES;
				CLANG_WARN_ENUM_CONVERSION = YES;
				CLANG_WARN_INFINITE_RECURSION = YES;
				CLANG_WARN_INT_CONVERSION = YES;
				CLANG_WARN_NON_LITERAL_NULL_CONVERSION = YES;
				CLANG_WARN_OBJC_LITERAL_CONVERSION = YES;
				CLANG_WARN_OBJC_ROOT_CLASS = YES_ERROR;
				CLANG_WARN_RANGE_LOOP_ANALYSIS = YES;
				CLANG_WARN_STRICT_PROTOTYPES = YES;
				CLANG_WARN_SUSPICIOUS_MOVE = YES;
				CLANG_WARN_UNGUARDED_AVAILABILITY = YES_AGGRESSIVE;
				CLANG_WARN_UNREACHABLE_CODE = YES;
				CLANG_WARN__DUPLICATE_METHOD_MATCH = YES;
				CODE_SIGN_IDENTITY = "iPhone Developer";
				COPY_PHASE_STRIP = NO;
				DEBUG_INFORMATION_FORMAT = "dwarf-with-dsym";
				ENABLE_NS_ASSERTIONS = NO;
				ENABLE_STRICT_OBJC_MSGSEND = YES;
				GCC_C_LANGUAGE_STANDARD = gnu11;
				GCC_NO_COMMON_BLOCKS = YES;
				GCC_WARN_64_TO_32_BIT_CONVERSION = YES;
				GCC_WARN_ABOUT_RETURN_TYPE = YES_ERROR;
				GCC_WARN_UNDECLARED_SELECTOR = YES;
				GCC_WARN_UNINITIALIZED_AUTOS = YES_AGGRESSIVE;
				GCC_WARN_UNUSED_FUNCTION = YES;
				GCC_WARN_UNUSED_VARIABLE = YES;
				IPHONEOS_DEPLOYMENT_TARGET = 11.2;
				MTL_ENABLE_DEBUG_INFO = NO;
				SDKROOT = iphoneos;
				VALIDATE_PRODUCT = YES;
			};
			name = Release;
		};
		C4636FAD20411C7A00C59481 /* Debug */ = {
			isa = XCBuildConfiguration;
			buildSettings = {
				ASSETCATALOG_COMPILER_APPICON_NAME = AppIcon;
				CODE_SIGN_STYLE = Automatic;
				INFOPLIST_FILE = test/Info.plist;
				LD_RUNPATH_SEARCH_PATHS = "$(inherited) @executable_path/Frameworks";
				PRODUCT_BUNDLE_IDENTIFIER = appcpi.test;
				PRODUCT_NAME = "$(TARGET_NAME)";
				TARGETED_DEVICE_FAMILY = "1,2";
			};
			name = Debug;
		};
		C4636FAE20411C7A00C59481 /* Release */ = {
			isa = XCBuildConfiguration;
			buildSettings = {
				ASSETCATALOG_COMPILER_APPICON_NAME = AppIcon;
				CODE_SIGN_STYLE = Automatic;
				INFOPLIST_FILE = test/Info.plist;
				LD_RUNPATH_SEARCH_PATHS = "$(inherited) @executable_path/Frameworks";
				PRODUCT_BUNDLE_IDENTIFIER = appcpi.test;
				PRODUCT_NAME = "$(TARGET_NAME)";
				TARGETED_DEVICE_FAMILY = "1,2";
			};
			name = Release;
		};
		C4636FB020411C7A00C59481 /* Debug */ = {
			isa = XCBuildConfiguration;
			buildSettings = {
				BUNDLE_LOADER = "$(TEST_HOST)";
				CODE_SIGN_STYLE = Automatic;
				INFOPLIST_FILE = testTests/Info.plist;
				LD_RUNPATH_SEARCH_PATHS = "$(inherited) @executable_path/Frameworks @loader_path/Frameworks";
				PRODUCT_BUNDLE_IDENTIFIER = appcpi.testTests;
				PRODUCT_NAME = "$(TARGET_NAME)";
				TARGETED_DEVICE_FAMILY = "1,2";
				TEST_HOST = "$(BUILT_PRODUCTS_DIR)/test.app/test";
			};
			name = Debug;
		};
		C4636FB120411C7A00C59481 /* Release */ = {
			isa = XCBuildConfiguration;
			buildSettings = {
				BUNDLE_LOADER = "$(TEST_HOST)";
				CODE_SIGN_STYLE = Automatic;
				INFOPLIST_FILE = testTests/Info.plist;
				LD_RUNPATH_SEARCH_PATHS = "$(inherited) @executable_path/Frameworks @loader_path/Frameworks";
				PRODUCT_BUNDLE_IDENTIFIER = appcpi.testTests;
				PRODUCT_NAME = "$(TARGET_NAME)";
				TARGETED_DEVICE_FAMILY = "1,2";
				TEST_HOST = "$(BUILT_PRODUCTS_DIR)/test.app/test";
			};
			name = Release;
		};
		C4636FB320411C7A00C59481 /* Debug */ = {
			isa = XCBuildConfiguration;
			buildSettings = {
				CODE_SIGN_STYLE = Automatic;
				INFOPLIST_FILE = testUITests/Info.plist;
				LD_RUNPATH_SEARCH_PATHS = "$(inherited) @executable_path/Frameworks @loader_path/Frameworks";
				PRODUCT_BUNDLE_IDENTIFIER = appcpi.testUITests;
				PRODUCT_NAME = "$(TARGET_NAME)";
				TARGETED_DEVICE_FAMILY = "1,2";
				TEST_TARGET_NAME = test;
			};
			name = Debug;
		};
		C4636FB420411C7A00C59481 /* Release */ = {
			isa = XCBuildConfiguration;
			buildSettings = {
				CODE_SIGN_STYLE = Automatic;
				INFOPLIST_FILE = testUITests/Info.plist;
				LD_RUNPATH_SEARCH_PATHS = "$(inherited) @executable_path/Frameworks @loader_path/Frameworks";
				PRODUCT_BUNDLE_IDENTIFIER = appcpi.testUITests;
				PRODUCT_NAME = "$(TARGET_NAME)";
				TARGETED_DEVICE_FAMILY = "1,2";
				TEST_TARGET_NAME = test;
			};
			name = Release;
		};
/* End XCBuildConfiguration section */

/* Begin XCConfigurationList section */
		C4636F7B20411C7900C59481 /* Build configuration list for PBXProject "test" */ = {
			isa = XCConfigurationList;
			buildConfigurations = (
				C4636FAA20411C7A00C59481 /* Debug */,
				C4636FAB20411C7A00C59481 /* Release */,
			);
			defaultConfigurationIsVisible = 0;
			defaultConfigurationName = Release;
		};
		C4636FAC20411C7A00C59481 /* Build configuration list for PBXNativeTarget "test" */ = {
			isa = XCConfigurationList;
			buildConfigurations = (
				C4636FAD20411C7A00C59481 /* Debug */,
				C4636FAE20411C7A00C59481 /* Release */,
			);
			defaultConfigurationIsVisible = 0;
			defaultConfigurationName = Release;
		};
		C4636FAF20411C7A00C59481 /* Build configuration list for PBXNativeTarget "testTests" */ = {
			isa = XCConfigurationList;
			buildConfigurations = (
				C4636FB020411C7A00C59481 /* Debug */,
				C4636FB120411C7A00C59481 /* Release */,
			);
			defaultConfigurationIsVisible = 0;
			defaultConfigurationName = Release;
		};
		C4636FB220411C7A00C59481 /* Build configuration list for PBXNativeTarget "testUITests" */ = {
			isa = XCConfigurationList;
			buildConfigurations = (
				C4636FB320411C7A00C59481 /* Debug */,
				C4636FB420411C7A00C59481 /* Release */,
			);
			defaultConfigurationIsVisible = 0;
			defaultConfigurationName = Release;
		};
/* End XCConfigurationList section */
	};
	rootObject = C4636F7820411C7900C59481 /* Project object */;
}
